
Microsoft Visual Studio Solution File, Format Version 12.00
# Visual Studio Version 17
VisualStudioVersion = 17.13.35919.96
MinimumVisualStudioVersion = 10.0.40219.1
Project("{FAE04EC0-301F-11D3-BF4B-00C04F79EFBC}") = "CvViewerApp.WebUi", "CvViewerApp.Blazor.Server.UI\CvViewerApp.WebUi.csproj", "{688EFDB7-2D4B-4A01-9B5D-FBA0DC530BEB}"
EndProject
Project("{FAE04EC0-301F-11D3-BF4B-00C04F79EFBC}") = "CvViewerApp.Services", "CvViewerApp.Services\CvViewerApp.Services.csproj", "{EE152A95-A37B-45DF-9518-B047B4025A6F}"
EndProject
Global
	GlobalSection(SolutionConfigurationPlatforms) = preSolution
		Debug|Any CPU = Debug|Any CPU
		Release|Any CPU = Release|Any CPU
	EndGlobalSection
	GlobalSection(ProjectConfigurationPlatforms) = postSolution
		{688EFDB7-2D4B-4A01-9B5D-FBA0DC530BEB}.Debug|Any CPU.ActiveCfg = Debug|Any CPU
		{688EFDB7-2D4B-4A01-9B5D-FBA0DC530BEB}.Debug|Any CPU.Build.0 = Debug|Any CPU
		{688EFDB7-2D4B-4A01-9B5D-FBA0DC530BEB}.Release|Any CPU.ActiveCfg = Release|Any CPU
		{688EFDB7-2D4B-4A01-9B5D-FBA0DC530BEB}.Release|Any CPU.Build.0 = Release|Any CPU
		{EE152A95-A37B-45DF-9518-B047B4025A6F}.Debug|Any CPU.ActiveCfg = Debug|Any CPU
		{EE152A95-A37B-45DF-9518-B047B4025A6F}.Debug|Any CPU.Build.0 = Debug|Any CPU
		{EE152A95-A37B-45DF-9518-B047B4025A6F}.Release|Any CPU.ActiveCfg = Release|Any CPU
		{EE152A95-A37B-45DF-9518-B047B4025A6F}.Release|Any CPU.Build.0 = Release|Any CPU
	EndGlobalSection
	GlobalSection(SolutionProperties) = preSolution
		HideSolutionNode = FALSE
	EndGlobalSection
	GlobalSection(ExtensibilityGlobals) = postSolution
		SolutionGuid = {73F68FCA-B2D8-44B3-A15B-056ACD4451A6}
	EndGlobalSection
EndGlobal
